
Microsoft Visual Studio Solution File, Format Version 12.00
# Visual Studio Version 16
VisualStudioVersion = 16.0.30114.105
MinimumVisualStudioVersion = 10.0.40219.1
Project("{9A19103F-16F7-4668-BE54-9A1E7A4F7556}") = "Pheidi.Blazor", "Pheidi.Blazor\Pheidi.Blazor.csproj", "{DCF1B625-F997-4BA5-BC64-E98535136C11}"
EndProject
Project("{9A19103F-16F7-4668-BE54-9A1E7A4F7556}") = "Pheidi.Common", "Pheidi.Common\Pheidi.Common.csproj", "{50E6B6C2-51F9-41EC-BEEF-872F34A6019C}"
EndProject
Project("{FAE04EC0-301F-11D3-BF4B-00C04F79EFBC}") = "Pheidi.Common.Tests", "Pheidi.Common.Tests\Pheidi.Common.Tests.csproj", "{65F3AC17-1E6D-4E54-B186-B76015B76305}"
EndProject
Global
	GlobalSection(SolutionConfigurationPlatforms) = preSolution
		Debug|Any CPU = Debug|Any CPU
		Release|Any CPU = Release|Any CPU
	EndGlobalSection
	GlobalSection(ProjectConfigurationPlatforms) = postSolution
		{DCF1B625-F997-4BA5-BC64-E98535136C11}.Debug|Any CPU.ActiveCfg = Debug|Any CPU
		{DCF1B625-F997-4BA5-BC64-E98535136C11}.Debug|Any CPU.Build.0 = Debug|Any CPU
		{DCF1B625-F997-4BA5-BC64-E98535136C11}.Release|Any CPU.ActiveCfg = Release|Any CPU
		{DCF1B625-F997-4BA5-BC64-E98535136C11}.Release|Any CPU.Build.0 = Release|Any CPU
		{50E6B6C2-51F9-41EC-BEEF-872F34A6019C}.Debug|Any CPU.ActiveCfg = Debug|Any CPU
		{50E6B6C2-51F9-41EC-BEEF-872F34A6019C}.Debug|Any CPU.Build.0 = Debug|Any CPU
		{50E6B6C2-51F9-41EC-BEEF-872F34A6019C}.Release|Any CPU.ActiveCfg = Release|Any CPU
		{50E6B6C2-51F9-41EC-BEEF-872F34A6019C}.Release|Any CPU.Build.0 = Release|Any CPU
		{65F3AC17-1E6D-4E54-B186-B76015B76305}.Debug|Any CPU.ActiveCfg = Debug|Any CPU
		{65F3AC17-1E6D-4E54-B186-B76015B76305}.Debug|Any CPU.Build.0 = Debug|Any CPU
		{65F3AC17-1E6D-4E54-B186-B76015B76305}.Release|Any CPU.ActiveCfg = Release|Any CPU
		{65F3AC17-1E6D-4E54-B186-B76015B76305}.Release|Any CPU.Build.0 = Release|Any CPU
	EndGlobalSection
	GlobalSection(SolutionProperties) = preSolution
		HideSolutionNode = FALSE
	EndGlobalSection
	GlobalSection(ExtensibilityGlobals) = postSolution
		SolutionGuid = {3E9FF51B-4B92-4A50-93DC-9AE19020F7B9}
	EndGlobalSection
EndGlobal
